
Microsoft Visual Studio Solution File, Format Version 12.00
# Visual Studio 2013
VisualStudioVersion = 12.0.40629.0
MinimumVisualStudioVersion = 10.0.40219.1
Project("{F184B08F-C81C-45F6-A57F-5ABD9991F28F}") = "Codius InternetChecker v1.0", "Codius InternetChecker v1.0\Codius InternetChecker v1.0.vbproj", "{8F0208D5-28BE-44D1-8D0C-AE6FF68FE6D9}"
EndProject
Global
	GlobalSection(SolutionConfigurationPlatforms) = preSolution
		Debug|Any CPU = Debug|Any CPU
		Release|Any CPU = Release|Any CPU
	EndGlobalSection
	GlobalSection(ProjectConfigurationPlatforms) = postSolution
		{8F0208D5-28BE-44D1-8D0C-AE6FF68FE6D9}.Debug|Any CPU.ActiveCfg = Debug|Any CPU
		{8F0208D5-28BE-44D1-8D0C-AE6FF68FE6D9}.Debug|Any CPU.Build.0 = Debug|Any CPU
		{8F0208D5-28BE-44D1-8D0C-AE6FF68FE6D9}.Release|Any CPU.ActiveCfg = Release|Any CPU
		{8F0208D5-28BE-44D1-8D0C-AE6FF68FE6D9}.Release|Any CPU.Build.0 = Release|Any CPU
	EndGlobalSection
	GlobalSection(SolutionProperties) = preSolution
		HideSolutionNode = FALSE
	EndGlobalSection
EndGlobal
